// !$*UTF8*$!
{
	archiveVersion = 1;
	classes = {
	};
	objectVersion = 46;
	objects = {

/* Begin PBXBuildFile section */
		423E86681D59B2BD007FE55E /* AppDelegate.swift in Sources */ = {isa = PBXBuildFile; fileRef = 423E86671D59B2BD007FE55E /* AppDelegate.swift */; };
		423E866A1D59B2BD007FE55E /* ViewController.swift in Sources */ = {isa = PBXBuildFile; fileRef = 423E86691D59B2BD007FE55E /* ViewController.swift */; };
		423E866D1D59B2BD007FE55E /* Main.storyboard in Resources */ = {isa = PBXBuildFile; fileRef = 423E866B1D59B2BD007FE55E /* Main.storyboard */; };
		423E866F1D59B2BD007FE55E /* Assets.xcassets in Resources */ = {isa = PBXBuildFile; fileRef = 423E866E1D59B2BD007FE55E /* Assets.xcassets */; };
		423E86721D59B2BD007FE55E /* LaunchScreen.storyboard in Resources */ = {isa = PBXBuildFile; fileRef = 423E86701D59B2BD007FE55E /* LaunchScreen.storyboard */; };
		423E867D1D59B2BD007FE55E /* testAppRTC_FMWKTests.swift in Sources */ = {isa = PBXBuildFile; fileRef = 423E867C1D59B2BD007FE55E /* testAppRTC_FMWKTests.swift */; };
		423E86891D59B5FC007FE55E /* AppRTC_FMWK.framework in Frameworks */ = {isa = PBXBuildFile; fileRef = 423E86881D59B5FC007FE55E /* AppRTC_FMWK.framework */; };
		423E868D1D59B657007FE55E /* RoomNameViewController.swift in Sources */ = {isa = PBXBuildFile; fileRef = 423E868B1D59B657007FE55E /* RoomNameViewController.swift */; };
		423E868E1D59B657007FE55E /* WebRTCViewController.swift in Sources */ = {isa = PBXBuildFile; fileRef = 423E868C1D59B657007FE55E /* WebRTCViewController.swift */; };
		423E869C1D59D67C007FE55E /* AppRTC_FMWK.framework in CopyFiles */ = {isa = PBXBuildFile; fileRef = 423E86881D59B5FC007FE55E /* AppRTC_FMWK.framework */; settings = {ATTRIBUTES = (CodeSignOnCopy, RemoveHeadersOnCopy, ); }; };
/* End PBXBuildFile section */

/* Begin PBXContainerItemProxy section */
		423E86791D59B2BD007FE55E /* PBXContainerItemProxy */ = {
			isa = PBXContainerItemProxy;
			containerPortal = 423E865C1D59B2BD007FE55E /* Project object */;
			proxyType = 1;
			remoteGlobalIDString = 423E86631D59B2BD007FE55E;
			remoteInfo = testAppRTC_FMWK;
		};
/* End PBXContainerItemProxy section */

/* Begin PBXCopyFilesBuildPhase section */
		423E869B1D59D674007FE55E /* CopyFiles */ = {
			isa = PBXCopyFilesBuildPhase;
			buildActionMask = 2147483647;
			dstPath = "";
			dstSubfolderSpec = 10;
			files = (
				423E869C1D59D67C007FE55E /* AppRTC_FMWK.framework in CopyFiles */,
			);
			runOnlyForDeploymentPostprocessing = 0;
		};
/* End PBXCopyFilesBuildPhase section */

/* Begin PBXFileReference section */
		423E86641D59B2BD007FE55E /* testAppRTC_FMWK.app */ = {isa = PBXFileReference; explicitFileType = wrapper.application; includeInIndex = 0; path = testAppRTC_FMWK.app; sourceTree = BUILT_PRODUCTS_DIR; };
		423E86671D59B2BD007FE55E /* AppDelegate.swift */ = {isa = PBXFileReference; lastKnownFileType = sourcecode.swift; path = AppDelegate.swift; sourceTree = "<group>"; };
		423E86691D59B2BD007FE55E /* ViewController.swift */ = {isa = PBXFileReference; lastKnownFileType = sourcecode.swift; path = ViewController.swift; sourceTree = "<group>"; };
		423E866C1D59B2BD007FE55E /* Base */ = {isa = PBXFileReference; lastKnownFileType = file.storyboard; name = Base; path = Base.lproj/Main.storyboard; sourceTree = "<group>"; };
		423E866E1D59B2BD007FE55E /* Assets.xcassets */ = {isa = PBXFileReference; lastKnownFileType = folder.assetcatalog; path = Assets.xcassets; sourceTree = "<group>"; };
		423E86711D59B2BD007FE55E /* Base */ = {isa = PBXFileReference; lastKnownFileType = file.storyboard; name = Base; path = Base.lproj/LaunchScreen.storyboard; sourceTree = "<group>"; };
		423E86731D59B2BD007FE55E /* Info.plist */ = {isa = PBXFileReference; lastKnownFileType = text.plist.xml; path = Info.plist; sourceTree = "<group>"; };
		423E86781D59B2BD007FE55E /* testAppRTC_FMWKTests.xctest */ = {isa = PBXFileReference; explicitFileType = wrapper.cfbundle; includeInIndex = 0; path = testAppRTC_FMWKTests.xctest; sourceTree = BUILT_PRODUCTS_DIR; };
		423E867C1D59B2BD007FE55E /* testAppRTC_FMWKTests.swift */ = {isa = PBXFileReference; lastKnownFileType = sourcecode.swift; path = testAppRTC_FMWKTests.swift; sourceTree = "<group>"; };
		423E867E1D59B2BD007FE55E /* Info.plist */ = {isa = PBXFileReference; lastKnownFileType = text.plist.xml; path = Info.plist; sourceTree = "<group>"; };
		423E86871D59B2E1007FE55E /* cartfile */ = {isa = PBXFileReference; lastKnownFileType = text; path = cartfile; sourceTree = "<group>"; };
		423E86881D59B5FC007FE55E /* AppRTC_FMWK.framework */ = {isa = PBXFileReference; lastKnownFileType = wrapper.framework; name = AppRTC_FMWK.framework; path = Carthage/Build/iOS/AppRTC_FMWK.framework; sourceTree = "<group>"; };
		423E868B1D59B657007FE55E /* RoomNameViewController.swift */ = {isa = PBXFileReference; fileEncoding = 4; lastKnownFileType = sourcecode.swift; path = RoomNameViewController.swift; sourceTree = "<group>"; };
		423E868C1D59B657007FE55E /* WebRTCViewController.swift */ = {isa = PBXFileReference; fileEncoding = 4; lastKnownFileType = sourcecode.swift; path = WebRTCViewController.swift; sourceTree = "<group>"; };
		423E868F1D59B844007FE55E /* AppRTC_FMWK_Bridge_header.h */ = {isa = PBXFileReference; lastKnownFileType = sourcecode.c.h; path = AppRTC_FMWK_Bridge_header.h; sourceTree = "<group>"; };
/* End PBXFileReference section */

/* Begin PBXFrameworksBuildPhase section */
		423E86611D59B2BD007FE55E /* Frameworks */ = {
			isa = PBXFrameworksBuildPhase;
			buildActionMask = 2147483647;
			files = (
				423E86891D59B5FC007FE55E /* AppRTC_FMWK.framework in Frameworks */,
			);
			runOnlyForDeploymentPostprocessing = 0;
		};
		423E86751D59B2BD007FE55E /* Frameworks */ = {
			isa = PBXFrameworksBuildPhase;
			buildActionMask = 2147483647;
			files = (
			);
			runOnlyForDeploymentPostprocessing = 0;
		};
/* End PBXFrameworksBuildPhase section */

/* Begin PBXGroup section */
		423E865B1D59B2BD007FE55E = {
			isa = PBXGroup;
			children = (
				423E86871D59B2E1007FE55E /* cartfile */,
				423E86661D59B2BD007FE55E /* testAppRTC_FMWK */,
				423E867B1D59B2BD007FE55E /* testAppRTC_FMWKTests */,
				423E86651D59B2BD007FE55E /* Products */,
				423E868A1D59B603007FE55E /* Framework */,
			);
			sourceTree = "<group>";
		};
		423E86651D59B2BD007FE55E /* Products */ = {
			isa = PBXGroup;
			children = (
				423E86641D59B2BD007FE55E /* testAppRTC_FMWK.app */,
				423E86781D59B2BD007FE55E /* testAppRTC_FMWKTests.xctest */,
			);
			name = Products;
			sourceTree = "<group>";
		};
		423E86661D59B2BD007FE55E /* testAppRTC_FMWK */ = {
			isa = PBXGroup;
			children = (
				423E868B1D59B657007FE55E /* RoomNameViewController.swift */,
				423E868C1D59B657007FE55E /* WebRTCViewController.swift */,
				423E86671D59B2BD007FE55E /* AppDelegate.swift */,
				423E86691D59B2BD007FE55E /* ViewController.swift */,
				423E866B1D59B2BD007FE55E /* Main.storyboard */,
				423E866E1D59B2BD007FE55E /* Assets.xcassets */,
				423E86701D59B2BD007FE55E /* LaunchScreen.storyboard */,
				423E86731D59B2BD007FE55E /* Info.plist */,
				423E868F1D59B844007FE55E /* AppRTC_FMWK_Bridge_header.h */,
			);
			path = testAppRTC_FMWK;
			sourceTree = "<group>";
		};
		423E867B1D59B2BD007FE55E /* testAppRTC_FMWKTests */ = {
			isa = PBXGroup;
			children = (
				423E867C1D59B2BD007FE55E /* testAppRTC_FMWKTests.swift */,
				423E867E1D59B2BD007FE55E /* Info.plist */,
			);
			path = testAppRTC_FMWKTests;
			sourceTree = "<group>";
		};
		423E868A1D59B603007FE55E /* Framework */ = {
			isa = PBXGroup;
			children = (
				423E86881D59B5FC007FE55E /* AppRTC_FMWK.framework */,
			);
			name = Framework;
			sourceTree = "<group>";
		};
/* End PBXGroup section */

/* Begin PBXNativeTarget section */
		423E86631D59B2BD007FE55E /* testAppRTC_FMWK */ = {
			isa = PBXNativeTarget;
			buildConfigurationList = 423E86811D59B2BD007FE55E /* Build configuration list for PBXNativeTarget "testAppRTC_FMWK" */;
			buildPhases = (
				423E86601D59B2BD007FE55E /* Sources */,
				423E86611D59B2BD007FE55E /* Frameworks */,
				423E86621D59B2BD007FE55E /* Resources */,
				423E869B1D59D674007FE55E /* CopyFiles */,
			);
			buildRules = (
			);
			dependencies = (
			);
			name = testAppRTC_FMWK;
			productName = testAppRTC_FMWK;
			productReference = 423E86641D59B2BD007FE55E /* testAppRTC_FMWK.app */;
			productType = "com.apple.product-type.application";
		};
		423E86771D59B2BD007FE55E /* testAppRTC_FMWKTests */ = {
			isa = PBXNativeTarget;
			buildConfigurationList = 423E86841D59B2BD007FE55E /* Build configuration list for PBXNativeTarget "testAppRTC_FMWKTests" */;
			buildPhases = (
				423E86741D59B2BD007FE55E /* Sources */,
				423E86751D59B2BD007FE55E /* Frameworks */,
				423E86761D59B2BD007FE55E /* Resources */,
			);
			buildRules = (
			);
			dependencies = (
				423E867A1D59B2BD007FE55E /* PBXTargetDependency */,
			);
			name = testAppRTC_FMWKTests;
			productName = testAppRTC_FMWKTests;
			productReference = 423E86781D59B2BD007FE55E /* testAppRTC_FMWKTests.xctest */;
			productType = "com.apple.product-type.bundle.unit-test";
		};
/* End PBXNativeTarget section */

/* Begin PBXProject section */
		423E865C1D59B2BD007FE55E /* Project object */ = {
			isa = PBXProject;
			attributes = {
				LastSwiftUpdateCheck = 0730;
				LastUpgradeCheck = 0730;
				ORGANIZATIONNAME = team.bz.fishcore;
				TargetAttributes = {
					423E86631D59B2BD007FE55E = {
						CreatedOnToolsVersion = 7.3.1;
						DevelopmentTeam = T27MFE7XGH;
					};
					423E86771D59B2BD007FE55E = {
						CreatedOnToolsVersion = 7.3.1;
						TestTargetID = 423E86631D59B2BD007FE55E;
					};
				};
			};
			buildConfigurationList = 423E865F1D59B2BD007FE55E /* Build configuration list for PBXProject "testAppRTC_FMWK" */;
			compatibilityVersion = "Xcode 3.2";
			developmentRegion = English;
			hasScannedForEncodings = 0;
			knownRegions = (
				en,
				Base,
			);
			mainGroup = 423E865B1D59B2BD007FE55E;
			productRefGroup = 423E86651D59B2BD007FE55E /* Products */;
			projectDirPath = "";
			projectRoot = "";
			targets = (
				423E86631D59B2BD007FE55E /* testAppRTC_FMWK */,
				423E86771D59B2BD007FE55E /* testAppRTC_FMWKTests */,
			);
		};
/* End PBXProject section */

/* Begin PBXResourcesBuildPhase section */
		423E86621D59B2BD007FE55E /* Resources */ = {
			isa = PBXResourcesBuildPhase;
			buildActionMask = 2147483647;
			files = (
				423E86721D59B2BD007FE55E /* LaunchScreen.storyboard in Resources */,
				423E866F1D59B2BD007FE55E /* Assets.xcassets in Resources */,
				423E866D1D59B2BD007FE55E /* Main.storyboard in Resources */,
			);
			runOnlyForDeploymentPostprocessing = 0;
		};
		423E86761D59B2BD007FE55E /* Resources */ = {
			isa = PBXResourcesBuildPhase;
			buildActionMask = 2147483647;
			files = (
			);
			runOnlyForDeploymentPostprocessing = 0;
		};
/* End PBXResourcesBuildPhase section */

/* Begin PBXSourcesBuildPhase section */
		423E86601D59B2BD007FE55E /* Sources */ = {
			isa = PBXSourcesBuildPhase;
			buildActionMask = 2147483647;
			files = (
				423E866A1D59B2BD007FE55E /* ViewController.swift in Sources */,
				423E86681D59B2BD007FE55E /* AppDelegate.swift in Sources */,
				423E868D1D59B657007FE55E /* RoomNameViewController.swift in Sources */,
				423E868E1D59B657007FE55E /* WebRTCViewController.swift in Sources */,
			);
			runOnlyForDeploymentPostprocessing = 0;
		};
		423E86741D59B2BD007FE55E /* Sources */ = {
			isa = PBXSourcesBuildPhase;
			buildActionMask = 2147483647;
			files = (
				423E867D1D59B2BD007FE55E /* testAppRTC_FMWKTests.swift in Sources */,
			);
			runOnlyForDeploymentPostprocessing = 0;
		};
/* End PBXSourcesBuildPhase section */

/* Begin PBXTargetDependency section */
		423E867A1D59B2BD007FE55E /* PBXTargetDependency */ = {
			isa = PBXTargetDependency;
			target = 423E86631D59B2BD007FE55E /* testAppRTC_FMWK */;
			targetProxy = 423E86791D59B2BD007FE55E /* PBXContainerItemProxy */;
		};
/* End PBXTargetDependency section */

/* Begin PBXVariantGroup section */
		423E866B1D59B2BD007FE55E /* Main.storyboard */ = {
			isa = PBXVariantGroup;
			children = (
				423E866C1D59B2BD007FE55E /* Base */,
			);
			name = Main.storyboard;
			sourceTree = "<group>";
		};
		423E86701D59B2BD007FE55E /* LaunchScreen.storyboard */ = {
			isa = PBXVariantGroup;
			children = (
				423E86711D59B2BD007FE55E /* Base */,
			);
			name = LaunchScreen.storyboard;
			sourceTree = "<group>";
		};
/* End PBXVariantGroup section */

/* Begin XCBuildConfiguration section */
		423E867F1D59B2BD007FE55E /* Debug */ = {
			isa = XCBuildConfiguration;
			buildSettings = {
				ALWAYS_SEARCH_USER_PATHS = NO;
				CLANG_ANALYZER_NONNULL = YES;
				CLANG_CXX_LANGUAGE_STANDARD = "gnu++0x";
				CLANG_CXX_LIBRARY = "libc++";
				CLANG_ENABLE_MODULES = YES;
				CLANG_ENABLE_OBJC_ARC = YES;
				CLANG_WARN_BOOL_CONVERSION = YES;
				CLANG_WARN_CONSTANT_CONVERSION = YES;
				CLANG_WARN_DIRECT_OBJC_ISA_USAGE = YES_ERROR;
				CLANG_WARN_EMPTY_BODY = YES;
				CLANG_WARN_ENUM_CONVERSION = YES;
				CLANG_WARN_INT_CONVERSION = YES;
				CLANG_WARN_OBJC_ROOT_CLASS = YES_ERROR;
				CLANG_WARN_UNREACHABLE_CODE = YES;
				CLANG_WARN__DUPLICATE_METHOD_MATCH = YES;
				"CODE_SIGN_IDENTITY[sdk=iphoneos*]" = "iPhone Developer";
				COPY_PHASE_STRIP = NO;
				DEBUG_INFORMATION_FORMAT = dwarf;
				ENABLE_STRICT_OBJC_MSGSEND = YES;
				ENABLE_TESTABILITY = YES;
				GCC_C_LANGUAGE_STANDARD = gnu99;
				GCC_DYNAMIC_NO_PIC = NO;
				GCC_NO_COMMON_BLOCKS = YES;
				GCC_OPTIMIZATION_LEVEL = 0;
				GCC_PREPROCESSOR_DEFINITIONS = (
					"DEBUG=1",
					"$(inherited)",
				);
				GCC_WARN_64_TO_32_BIT_CONVERSION = YES;
				GCC_WARN_ABOUT_RETURN_TYPE = YES_ERROR;
				GCC_WARN_UNDECLARED_SELECTOR = YES;
				GCC_WARN_UNINITIALIZED_AUTOS = YES_AGGRESSIVE;
				GCC_WARN_UNUSED_FUNCTION = YES;
				GCC_WARN_UNUSED_VARIABLE = YES;
				IPHONEOS_DEPLOYMENT_TARGET = 9.3;
				MTL_ENABLE_DEBUG_INFO = YES;
				ONLY_ACTIVE_ARCH = YES;
				SDKROOT = iphoneos;
				SWIFT_OPTIMIZATION_LEVEL = "-Onone";
				TARGETED_DEVICE_FAMILY = "1,2";
			};
			name = Debug;
		};
		423E86801D59B2BD007FE55E /* Release */ = {
			isa = XCBuildConfiguration;
			buildSettings = {
				ALWAYS_SEARCH_USER_PATHS = NO;
				CLANG_ANALYZER_NONNULL = YES;
				CLANG_CXX_LANGUAGE_STANDARD = "gnu++0x";
				CLANG_CXX_LIBRARY = "libc++";
				CLANG_ENABLE_MODULES = YES;
				CLANG_ENABLE_OBJC_ARC = YES;
				CLANG_WARN_BOOL_CONVERSION = YES;
				CLANG_WARN_CONSTANT_CONVERSION = YES;
				CLANG_WARN_DIRECT_OBJC_ISA_USAGE = YES_ERROR;
				CLANG_WARN_EMPTY_BODY = YES;
				CLANG_WARN_ENUM_CONVERSION = YES;
				CLANG_WARN_INT_CONVERSION = YES;
				CLANG_WARN_OBJC_ROOT_CLASS = YES_ERROR;
				CLANG_WARN_UNREACHABLE_CODE = YES;
				CLANG_WARN__DUPLICATE_METHOD_MATCH = YES;
				"CODE_SIGN_IDENTITY[sdk=iphoneos*]" = "iPhone Developer";
				COPY_PHASE_STRIP = NO;
				DEBUG_INFORMATION_FORMAT = "dwarf-with-dsym";
				ENABLE_NS_ASSERTIONS = NO;
				ENABLE_STRICT_OBJC_MSGSEND = YES;
				GCC_C_LANGUAGE_STANDARD = gnu99;
				GCC_NO_COMMON_BLOCKS = YES;
				GCC_WARN_64_TO_32_BIT_CONVERSION = YES;
				GCC_WARN_ABOUT_RETURN_TYPE = YES_ERROR;
				GCC_WARN_UNDECLARED_SELECTOR = YES;
				GCC_WARN_UNINITIALIZED_AUTOS = YES_AGGRESSIVE;
				GCC_WARN_UNUSED_FUNCTION = YES;
				GCC_WARN_UNUSED_VARIABLE = YES;
				IPHONEOS_DEPLOYMENT_TARGET = 9.3;
				MTL_ENABLE_DEBUG_INFO = NO;
				SDKROOT = iphoneos;
				TARGETED_DEVICE_FAMILY = "1,2";
				VALIDATE_PRODUCT = YES;
			};
			name = Release;
		};
		423E86821D59B2BD007FE55E /* Debug */ = {
			isa = XCBuildConfiguration;
			buildSettings = {
				ASSETCATALOG_COMPILER_APPICON_NAME = AppIcon;
				CODE_SIGN_IDENTITY = "iPhone Developer";
				DEAD_CODE_STRIPPING = NO;
				ENABLE_BITCODE = NO;
				FRAMEWORK_SEARCH_PATHS = (
					"$(inherited)",
					"$(PROJECT_DIR)/Carthage/Build/iOS",
				);
				INFOPLIST_FILE = testAppRTC_FMWK/Info.plist;
				LD_RUNPATH_SEARCH_PATHS = "$(inherited) @executable_path/Frameworks";
				LIBRARY_SEARCH_PATHS = (
					"$(inherited)",
					"$(PROJECT_DIR)/Carthage/Build/iOS/AppRTC_FMWK.framework",
				);
				PRODUCT_BUNDLE_IDENTIFIER = com.test.for.share;
				PRODUCT_NAME = "$(TARGET_NAME)";
				STRIP_BITCODE_FROM_COPIED_FILES = NO;
				SWIFT_OBJC_BRIDGING_HEADER = testAppRTC_FMWK/AppRTC_FMWK_Bridge_header.h;
			};
			name = Debug;
		};
		423E86831D59B2BD007FE55E /* Release */ = {
			isa = XCBuildConfiguration;
			buildSettings = {
				ASSETCATALOG_COMPILER_APPICON_NAME = AppIcon;
				CODE_SIGN_IDENTITY = "iPhone Developer";
				DEAD_CODE_STRIPPING = NO;
				ENABLE_BITCODE = NO;
				FRAMEWORK_SEARCH_PATHS = (
					"$(inherited)",
					"$(PROJECT_DIR)/Carthage/Build/iOS",
				);
				INFOPLIST_FILE = testAppRTC_FMWK/Info.plist;
				LD_RUNPATH_SEARCH_PATHS = "$(inherited) @executable_path/Frameworks";
				LIBRARY_SEARCH_PATHS = (
					"$(inherited)",
					"$(PROJECT_DIR)/Carthage/Build/iOS/AppRTC_FMWK.framework",
				);
				PRODUCT_BUNDLE_IDENTIFIER = com.test.for.share;
				PRODUCT_NAME = "$(TARGET_NAME)";
				STRIP_BITCODE_FROM_COPIED_FILES = NO;
				SWIFT_OBJC_BRIDGING_HEADER = testAppRTC_FMWK/AppRTC_FMWK_Bridge_header.h;
			};
			name = Release;
		};
		423E86851D59B2BD007FE55E /* Debug */ = {
			isa = XCBuildConfiguration;
			buildSettings = {
				BUNDLE_LOADER = "$(TEST_HOST)";
				INFOPLIST_FILE = testAppRTC_FMWKTests/Info.plist;
				LD_RUNPATH_SEARCH_PATHS = "$(inherited) @executable_path/Frameworks @loader_path/Frameworks";
				PRODUCT_BUNDLE_IDENTIFIER = "test.testAppRTC-FMWKTests";
				PRODUCT_NAME = "$(TARGET_NAME)";
				TEST_HOST = "$(BUILT_PRODUCTS_DIR)/testAppRTC_FMWK.app/testAppRTC_FMWK";
			};
			name = Debug;
		};
		423E86861D59B2BD007FE55E /* Release */ = {
			isa = XCBuildConfiguration;
			buildSettings = {
				BUNDLE_LOADER = "$(TEST_HOST)";
				INFOPLIST_FILE = testAppRTC_FMWKTests/Info.plist;
				LD_RUNPATH_SEARCH_PATHS = "$(inherited) @executable_path/Frameworks @loader_path/Frameworks";
				PRODUCT_BUNDLE_IDENTIFIER = "test.testAppRTC-FMWKTests";
				PRODUCT_NAME = "$(TARGET_NAME)";
				TEST_HOST = "$(BUILT_PRODUCTS_DIR)/testAppRTC_FMWK.app/testAppRTC_FMWK";
			};
			name = Release;
		};
/* End XCBuildConfiguration section */

/* Begin XCConfigurationList section */
		423E865F1D59B2BD007FE55E /* Build configuration list for PBXProject "testAppRTC_FMWK" */ = {
			isa = XCConfigurationList;
			buildConfigurations = (
				423E867F1D59B2BD007FE55E /* Debug */,
				423E86801D59B2BD007FE55E /* Release */,
			);
			defaultConfigurationIsVisible = 0;
			defaultConfigurationName = Release;
		};
		423E86811D59B2BD007FE55E /* Build configuration list for PBXNativeTarget "testAppRTC_FMWK" */ = {
			isa = XCConfigurationList;
			buildConfigurations = (
				423E86821D59B2BD007FE55E /* Debug */,
				423E86831D59B2BD007FE55E /* Release */,
			);
			defaultConfigurationIsVisible = 0;
			defaultConfigurationName = Release;
		};
		423E86841D59B2BD007FE55E /* Build configuration list for PBXNativeTarget "testAppRTC_FMWKTests" */ = {
			isa = XCConfigurationList;
			buildConfigurations = (
				423E86851D59B2BD007FE55E /* Debug */,
				423E86861D59B2BD007FE55E /* Release */,
			);
			defaultConfigurationIsVisible = 0;
			defaultConfigurationName = Release;
		};
/* End XCConfigurationList section */
	};
	rootObject = 423E865C1D59B2BD007FE55E /* Project object */;
}
